{
  "name": "purehtml",
  "version": "1.0.0",
  "lockfileVersion": 1,
  "requires": true,
  "dependencies": {
    "async": {
      "version": "2.6.3",
      "resolved": "http://npm.vivo.com.cn/async/-/async-2.6.3.tgz",
      "integrity": "sha512-zflvls11DCy+dQWzTW2dzuilv8Z5X/pjfmZOWba6TNIVDm+2UDaJmXSOXlasHKfNBs8oo3M0aT50fDEWfKZjXg==",
      "dev": true,
      "requires": {
        "lodash": "^4.17.14"
      }
    },
    "basic-auth": {
      "version": "1.1.0",
      "resolved": "http://npm.vivo.com.cn/basic-auth/-/basic-auth-1.1.0.tgz",
      "integrity": "sha1-RSIe5Cn37h5QNb4/UVM/HN/SmIQ=",
      "dev": true
    },
    "colors": {
      "version": "1.4.0",
      "resolved": "http://npm.vivo.com.cn/colors/-/colors-1.4.0.tgz",
      "integrity": "sha1-xQSRR51MG9rtLJztMs98fcI2D3g=",
      "dev": true
    },
    "corser": {
      "version": "2.0.1",
      "resolved": "http://npm.vivo.com.cn/corser/-/corser-2.0.1.tgz",
      "integrity": "sha1-jtolLsqrWEDc2XXOuQ2TcMgZ/4c=",
      "dev": true
    },
    "cross-env": {
      "version": "7.0.2",
      "resolved": "http://npm.vivo.com.cn/cross-env/-/cross-env-7.0.2.tgz",
      "integrity": "sha1-vV7TEzmpOjQYrE88qco0Awgq5fk=",
      "dev": true,
      "requires": {
        "cross-spawn": "^7.0.1"
      }
    },
    "cross-spawn": {
      "version": "7.0.3",
      "resolved": "http://npm.vivo.com.cn/cross-spawn/-/cross-spawn-7.0.3.tgz",
      "integrity": "sha1-9zqFudXUHQRVUcF34ogtSshXKKY=",
      "dev": true,
      "requires": {
        "path-key": "^3.1.0",
        "shebang-command": "^2.0.0",
        "which": "^2.0.1"
      }
    },
    "debug": {
      "version": "3.2.6",
      "resolved": "http://npm.vivo.com.cn/debug/-/debug-3.2.6.tgz",
      "integrity": "sha1-6D0X3hbYp++3cX7b5fsQE17uYps=",
      "dev": true,
      "requires": {
        "ms": "^2.1.1"
      }
    },
    "ecstatic": {
      "version": "3.3.2",
      "resolved": "http://npm.vivo.com.cn/ecstatic/-/ecstatic-3.3.2.tgz",
      "integrity": "sha1-bR3UmBTQBZRoLGUq22YHamnUbEg=",
      "dev": true,
      "requires": {
        "he": "^1.1.1",
        "mime": "^1.6.0",
        "minimist": "^1.1.0",
        "url-join": "^2.0.5"
      }
    },
    "eventemitter3": {
      "version": "4.0.7",
      "resolved": "http://npm.vivo.com.cn/eventemitter3/-/eventemitter3-4.0.7.tgz",
      "integrity": "sha1-Lem2j2Uo1WRO9cWVJqG0oHMGFp8=",
      "dev": true
    },
    "follow-redirects": {
      "version": "1.13.0",
      "resolved": "http://npm.vivo.com.cn/follow-redirects/-/follow-redirects-1.13.0.tgz",
      "integrity": "sha1-tC6Nk6Kn7qXtiGM2dtZZe8jjhNs=",
      "dev": true
    },
    "he": {
      "version": "1.2.0",
      "resolved": "http://npm.vivo.com.cn/he/-/he-1.2.0.tgz",
      "integrity": "sha512-F/1DnUGPopORZi0ni+CvrCgHQ5FyEAHRLSApuYWMmrbSwoN2Mn/7k+Gl38gJnR7yyDZk6WLXwiGod1JOWNDKGw==",
      "dev": true
    },
    "http-proxy": {
      "version": "1.18.1",
      "resolved": "http://npm.vivo.com.cn/http-proxy/-/http-proxy-1.18.1.tgz",
      "integrity": "sha1-QBVB8FNIhLv5UmAzTnL4juOXZUk=",
      "dev": true,
      "requires": {
        "eventemitter3": "^4.0.0",
        "follow-redirects": "^1.0.0",
        "requires-port": "^1.0.0"
      }
    },
    "http-server": {
      "version": "0.12.3",
      "resolved": "http://npm.vivo.com.cn/http-server/-/http-server-0.12.3.tgz",
      "integrity": "sha1-ugRx0OzEJYhmFss1xPryeRQKDTc=",
      "dev": true,
      "requires": {
        "basic-auth": "^1.0.3",
        "colors": "^1.4.0",
        "corser": "^2.0.1",
        "ecstatic": "^3.3.2",
        "http-proxy": "^1.18.0",
        "minimist": "^1.2.5",
        "opener": "^1.5.1",
        "portfinder": "^1.0.25",
        "secure-compare": "3.0.1",
        "union": "~0.5.0"
      }
    },
    "isexe": {
      "version": "2.0.0",
      "resolved": "http://npm.vivo.com.cn/isexe/-/isexe-2.0.0.tgz",
      "integrity": "sha1-6PvzdNxVb/iUehDcsFctYz8s+hA=",
      "dev": true
    },
    "lodash": {
      "version": "4.17.20",
      "resolved": "http://npm.vivo.com.cn/lodash/-/lodash-4.17.20.tgz",
      "integrity": "sha1-tEqbYpe8tpjxxRo1RaKzs2jVnFI=",
      "dev": true
    },
    "mime": {
      "version": "1.6.0",
      "resolved": "http://npm.vivo.com.cn/mime/-/mime-1.6.0.tgz",
      "integrity": "sha512-x0Vn8spI+wuJ1O6S7gnbaQg8Pxh4NNHb7KSINmEWKiPE4RKOplvijn+NkmYmmRgP68mc70j2EbeTFRsrswaQeg==",
      "dev": true
    },
    "minimist": {
      "version": "1.2.5",
      "resolved": "http://npm.vivo.com.cn/minimist/-/minimist-1.2.5.tgz",
      "integrity": "sha1-Z9ZgFLZqaoqqDAg8X9WN9OTpdgI=",
      "dev": true
    },
    "mkdirp": {
      "version": "0.5.5",
      "resolved": "http://npm.vivo.com.cn/mkdirp/-/mkdirp-0.5.5.tgz",
      "integrity": "sha1-2Rzv1i0UNsoPQWIOJRKI1CAJne8=",
      "dev": true,
      "requires": {
        "minimist": "^1.2.5"
      }
    },
    "ms": {
      "version": "2.1.2",
      "resolved": "http://npm.vivo.com.cn/ms/-/ms-2.1.2.tgz",
      "integrity": "sha512-sGkPx+VjMtmA6MX27oA4FBFELFCZZ4S4XqeGOXCv68tT+jb3vk/RyaKWP0PTKyWtmLSM0b+adUTEvbs1PEaH2w==",
      "dev": true
    },
    "opener": {
      "version": "1.5.2",
      "resolved": "http://npm.vivo.com.cn/opener/-/opener-1.5.2.tgz",
      "integrity": "sha1-XTfh81B3udysQwE3InGv3rKhNZg=",
      "dev": true
    },
    "path-key": {
      "version": "3.1.1",
      "resolved": "http://npm.vivo.com.cn/path-key/-/path-key-3.1.1.tgz",
      "integrity": "sha1-WB9q3mWMu6ZaDTOA3ndTKVBU83U=",
      "dev": true
    },
    "portfinder": {
      "version": "1.0.28",
      "resolved": "http://npm.vivo.com.cn/portfinder/-/portfinder-1.0.28.tgz",
      "integrity": "sha1-Z8RiKFK9U3TdHdkA93n1NGL6x3g=",
      "dev": true,
      "requires": {
        "async": "^2.6.2",
        "debug": "^3.1.1",
        "mkdirp": "^0.5.5"
      }
    },
    "qs": {
      "version": "6.9.4",
      "resolved": "http://npm.vivo.com.cn/qs/-/qs-6.9.4.tgz",
      "integrity": "sha1-kJCykNH5FyjTwi5UhDykSupatoc=",
      "dev": true
    },
    "requires-port": {
      "version": "1.0.0",
      "resolved": "http://npm.vivo.com.cn/requires-port/-/requires-port-1.0.0.tgz",
      "integrity": "sha1-kl0mAdOaxIXgkc8NpcbmlNw9yv8=",
      "dev": true
    },
    "secure-compare": {
      "version": "3.0.1",
      "resolved": "http://npm.vivo.com.cn/secure-compare/-/secure-compare-3.0.1.tgz",
      "integrity": "sha1-8aAymzCLIh+uN7mXTz1XjQypmeM=",
      "dev": true
    },
    "shebang-command": {
      "version": "2.0.0",
      "resolved": "http://npm.vivo.com.cn/shebang-command/-/shebang-command-2.0.0.tgz",
      "integrity": "sha1-zNCvT4g1+9wmW4JGGq8MNmY/NOo=",
      "dev": true,
      "requires": {
        "shebang-regex": "^3.0.0"
      }
    },
    "shebang-regex": {
      "version": "3.0.0",
      "resolved": "http://npm.vivo.com.cn/shebang-regex/-/shebang-regex-3.0.0.tgz",
      "integrity": "sha512-7++dFhtcx3353uBaq8DDR4NuxBetBzC7ZQOhmTQInHEd6bSrXdiEyzCvG07Z44UYdLShWUyXt5M/yhz8ekcb1A==",
      "dev": true
    },
    "union": {
      "version": "0.5.0",
      "resolved": "http://npm.vivo.com.cn/union/-/union-0.5.0.tgz",
      "integrity": "sha1-ssEb6E9gU4U3uEbtuboma6AJAHU=",
      "dev": true,
      "requires": {
        "qs": "^6.4.0"
      }
    },
    "url-join": {
      "version": "2.0.5",
      "resolved": "http://npm.vivo.com.cn/url-join/-/url-join-2.0.5.tgz",
      "integrity": "sha1-WvIvGMBSoACkjXuCxenC4v7tpyg=",
      "dev": true
    },
    "which": {
      "version": "2.0.2",
      "resolved": "http://npm.vivo.com.cn/which/-/which-2.0.2.tgz",
      "integrity": "sha1-fGqN0KY2oDJ+ELWckobu6T8/UbE=",
      "dev": true,
      "requires": {
        "isexe": "^2.0.0"
      }
    }
  }
}
